// !$*UTF8*$!
{
	archiveVersion = 1;
	classes = {
	};
	objectVersion = 56;
	objects = {

/* Begin PBXBuildFile section */
		499939062A85DBF200D2ACDD /* L1_DemoApp.swift in Sources */ = {isa = PBXBuildFile; fileRef = 499939052A85DBF200D2ACDD /* L1_DemoApp.swift */; };
		499939082A85DBF200D2ACDD /* ContentView.swift in Sources */ = {isa = PBXBuildFile; fileRef = 499939072A85DBF200D2ACDD /* ContentView.swift */; };
		4999390A2A85DBF300D2ACDD /* Assets.xcassets in Resources */ = {isa = PBXBuildFile; fileRef = 499939092A85DBF300D2ACDD /* Assets.xcassets */; };
		4999390D2A85DBF300D2ACDD /* Preview Assets.xcassets in Resources */ = {isa = PBXBuildFile; fileRef = 4999390C2A85DBF300D2ACDD /* Preview Assets.xcassets */; };
		499939172A85DBF300D2ACDD /* L1_DemoTests.swift in Sources */ = {isa = PBXBuildFile; fileRef = 499939162A85DBF300D2ACDD /* L1_DemoTests.swift */; };
		499939212A85DBF300D2ACDD /* L1_DemoUITests.swift in Sources */ = {isa = PBXBuildFile; fileRef = 499939202A85DBF300D2ACDD /* L1_DemoUITests.swift */; };
		499939232A85DBF300D2ACDD /* L1_DemoUITestsLaunchTests.swift in Sources */ = {isa = PBXBuildFile; fileRef = 499939222A85DBF300D2ACDD /* L1_DemoUITestsLaunchTests.swift */; };
/* End PBXBuildFile section */

/* Begin PBXContainerItemProxy section */
		499939132A85DBF300D2ACDD /* PBXContainerItemProxy */ = {
			isa = PBXContainerItemProxy;
			containerPortal = 499938FA2A85DBF200D2ACDD /* Project object */;
			proxyType = 1;
			remoteGlobalIDString = 499939012A85DBF200D2ACDD;
			remoteInfo = "L1 Demo";
		};
		4999391D2A85DBF300D2ACDD /* PBXContainerItemProxy */ = {
			isa = PBXContainerItemProxy;
			containerPortal = 499938FA2A85DBF200D2ACDD /* Project object */;
			proxyType = 1;
			remoteGlobalIDString = 499939012A85DBF200D2ACDD;
			remoteInfo = "L1 Demo";
		};
/* End PBXContainerItemProxy section */

/* Begin PBXFileReference section */
		499939022A85DBF200D2ACDD /* L1 Demo.app */ = {isa = PBXFileReference; explicitFileType = wrapper.application; includeInIndex = 0; path = "L1 Demo.app"; sourceTree = BUILT_PRODUCTS_DIR; };
		499939052A85DBF200D2ACDD /* L1_DemoApp.swift */ = {isa = PBXFileReference; lastKnownFileType = sourcecode.swift; path = L1_DemoApp.swift; sourceTree = "<group>"; };
		499939072A85DBF200D2ACDD /* ContentView.swift */ = {isa = PBXFileReference; lastKnownFileType = sourcecode.swift; path = ContentView.swift; sourceTree = "<group>"; };
		499939092A85DBF300D2ACDD /* Assets.xcassets */ = {isa = PBXFileReference; lastKnownFileType = folder.assetcatalog; path = Assets.xcassets; sourceTree = "<group>"; };
		4999390C2A85DBF300D2ACDD /* Preview Assets.xcassets */ = {isa = PBXFileReference; lastKnownFileType = folder.assetcatalog; path = "Preview Assets.xcassets"; sourceTree = "<group>"; };
		499939122A85DBF300D2ACDD /* L1 DemoTests.xctest */ = {isa = PBXFileReference; explicitFileType = wrapper.cfbundle; includeInIndex = 0; path = "L1 DemoTests.xctest"; sourceTree = BUILT_PRODUCTS_DIR; };
		499939162A85DBF300D2ACDD /* L1_DemoTests.swift */ = {isa = PBXFileReference; lastKnownFileType = sourcecode.swift; path = L1_DemoTests.swift; sourceTree = "<group>"; };
		4999391C2A85DBF300D2ACDD /* L1 DemoUITests.xctest */ = {isa = PBXFileReference; explicitFileType = wrapper.cfbundle; includeInIndex = 0; path = "L1 DemoUITests.xctest"; sourceTree = BUILT_PRODUCTS_DIR; };
		499939202A85DBF300D2ACDD /* L1_DemoUITests.swift */ = {isa = PBXFileReference; lastKnownFileType = sourcecode.swift; path = L1_DemoUITests.swift; sourceTree = "<group>"; };
		499939222A85DBF300D2ACDD /* L1_DemoUITestsLaunchTests.swift */ = {isa = PBXFileReference; lastKnownFileType = sourcecode.swift; path = L1_DemoUITestsLaunchTests.swift; sourceTree = "<group>"; };
/* End PBXFileReference section */

/* Begin PBXFrameworksBuildPhase section */
		499938FF2A85DBF200D2ACDD /* Frameworks */ = {
			isa = PBXFrameworksBuildPhase;
			buildActionMask = 2147483647;
			files = (
			);
			runOnlyForDeploymentPostprocessing = 0;
		};
		4999390F2A85DBF300D2ACDD /* Frameworks */ = {
			isa = PBXFrameworksBuildPhase;
			buildActionMask = 2147483647;
			files = (
			);
			runOnlyForDeploymentPostprocessing = 0;
		};
		499939192A85DBF300D2ACDD /* Frameworks */ = {
			isa = PBXFrameworksBuildPhase;
			buildActionMask = 2147483647;
			files = (
			);
			runOnlyForDeploymentPostprocessing = 0;
		};
/* End PBXFrameworksBuildPhase section */

/* Begin PBXGroup section */
		499938F92A85DBF200D2ACDD = {
			isa = PBXGroup;
			children = (
				499939042A85DBF200D2ACDD /* L1 Demo */,
				499939152A85DBF300D2ACDD /* L1 DemoTests */,
				4999391F2A85DBF300D2ACDD /* L1 DemoUITests */,
				499939032A85DBF200D2ACDD /* Products */,
			);
			sourceTree = "<group>";
		};
		499939032A85DBF200D2ACDD /* Products */ = {
			isa = PBXGroup;
			children = (
				499939022A85DBF200D2ACDD /* L1 Demo.app */,
				499939122A85DBF300D2ACDD /* L1 DemoTests.xctest */,
				4999391C2A85DBF300D2ACDD /* L1 DemoUITests.xctest */,
			);
			name = Products;
			sourceTree = "<group>";
		};
		499939042A85DBF200D2ACDD /* L1 Demo */ = {
			isa = PBXGroup;
			children = (
				499939052A85DBF200D2ACDD /* L1_DemoApp.swift */,
				499939072A85DBF200D2ACDD /* ContentView.swift */,
				499939092A85DBF300D2ACDD /* Assets.xcassets */,
				4999390B2A85DBF300D2ACDD /* Preview Content */,
			);
			path = "L1 Demo";
			sourceTree = "<group>";
		};
		4999390B2A85DBF300D2ACDD /* Preview Content */ = {
			isa = PBXGroup;
			children = (
				4999390C2A85DBF300D2ACDD /* Preview Assets.xcassets */,
			);
			path = "Preview Content";
			sourceTree = "<group>";
		};
		499939152A85DBF300D2ACDD /* L1 DemoTests */ = {
			isa = PBXGroup;
			children = (
				499939162A85DBF300D2ACDD /* L1_DemoTests.swift */,
			);
			path = "L1 DemoTests";
			sourceTree = "<group>";
		};
		4999391F2A85DBF300D2ACDD /* L1 DemoUITests */ = {
			isa = PBXGroup;
			children = (
				499939202A85DBF300D2ACDD /* L1_DemoUITests.swift */,
				499939222A85DBF300D2ACDD /* L1_DemoUITestsLaunchTests.swift */,
			);
			path = "L1 DemoUITests";
			sourceTree = "<group>";
		};
/* End PBXGroup section */

/* Begin PBXNativeTarget section */
		499939012A85DBF200D2ACDD /* L1 Demo */ = {
			isa = PBXNativeTarget;
			buildConfigurationList = 499939262A85DBF300D2ACDD /* Build configuration list for PBXNativeTarget "L1 Demo" */;
			buildPhases = (
				499938FE2A85DBF200D2ACDD /* Sources */,
				499938FF2A85DBF200D2ACDD /* Frameworks */,
				499939002A85DBF200D2ACDD /* Resources */,
			);
			buildRules = (
			);
			dependencies = (
			);
			name = "L1 Demo";
			productName = "L1 Demo";
			productReference = 499939022A85DBF200D2ACDD /* L1 Demo.app */;
			productType = "com.apple.product-type.application";
		};
		499939112A85DBF300D2ACDD /* L1 DemoTests */ = {
			isa = PBXNativeTarget;
			buildConfigurationList = 499939292A85DBF300D2ACDD /* Build configuration list for PBXNativeTarget "L1 DemoTests" */;
			buildPhases = (
				4999390E2A85DBF300D2ACDD /* Sources */,
				4999390F2A85DBF300D2ACDD /* Frameworks */,
				499939102A85DBF300D2ACDD /* Resources */,
			);
			buildRules = (
			);
			dependencies = (
				499939142A85DBF300D2ACDD /* PBXTargetDependency */,
			);
			name = "L1 DemoTests";
			productName = "L1 DemoTests";
			productReference = 499939122A85DBF300D2ACDD /* L1 DemoTests.xctest */;
			productType = "com.apple.product-type.bundle.unit-test";
		};
		4999391B2A85DBF300D2ACDD /* L1 DemoUITests */ = {
			isa = PBXNativeTarget;
			buildConfigurationList = 4999392C2A85DBF300D2ACDD /* Build configuration list for PBXNativeTarget "L1 DemoUITests" */;
			buildPhases = (
				499939182A85DBF300D2ACDD /* Sources */,
				499939192A85DBF300D2ACDD /* Frameworks */,
				4999391A2A85DBF300D2ACDD /* Resources */,
			);
			buildRules = (
			);
			dependencies = (
				4999391E2A85DBF300D2ACDD /* PBXTargetDependency */,
			);
			name = "L1 DemoUITests";
			productName = "L1 DemoUITests";
			productReference = 4999391C2A85DBF300D2ACDD /* L1 DemoUITests.xctest */;
			productType = "com.apple.product-type.bundle.ui-testing";
		};
/* End PBXNativeTarget section */

/* Begin PBXProject section */
		499938FA2A85DBF200D2ACDD /* Project object */ = {
			isa = PBXProject;
			attributes = {
				BuildIndependentTargetsInParallel = 1;
				LastSwiftUpdateCheck = 1430;
				LastUpgradeCheck = 1430;
				TargetAttributes = {
					499939012A85DBF200D2ACDD = {
						CreatedOnToolsVersion = 14.3.1;
					};
					499939112A85DBF300D2ACDD = {
						CreatedOnToolsVersion = 14.3.1;
						TestTargetID = 499939012A85DBF200D2ACDD;
					};
					4999391B2A85DBF300D2ACDD = {
						CreatedOnToolsVersion = 14.3.1;
						TestTargetID = 499939012A85DBF200D2ACDD;
					};
				};
			};
			buildConfigurationList = 499938FD2A85DBF200D2ACDD /* Build configuration list for PBXProject "L1 Demo" */;
			compatibilityVersion = "Xcode 14.0";
			developmentRegion = en;
			hasScannedForEncodings = 0;
			knownRegions = (
				en,
				Base,
			);
			mainGroup = 499938F92A85DBF200D2ACDD;
			productRefGroup = 499939032A85DBF200D2ACDD /* Products */;
			projectDirPath = "";
			projectRoot = "";
			targets = (
				499939012A85DBF200D2ACDD /* L1 Demo */,
				499939112A85DBF300D2ACDD /* L1 DemoTests */,
				4999391B2A85DBF300D2ACDD /* L1 DemoUITests */,
			);
		};
/* End PBXProject section */

/* Begin PBXResourcesBuildPhase section */
		499939002A85DBF200D2ACDD /* Resources */ = {
			isa = PBXResourcesBuildPhase;
			buildActionMask = 2147483647;
			files = (
				4999390D2A85DBF300D2ACDD /* Preview Assets.xcassets in Resources */,
				4999390A2A85DBF300D2ACDD /* Assets.xcassets in Resources */,
			);
			runOnlyForDeploymentPostprocessing = 0;
		};
		499939102A85DBF300D2ACDD /* Resources */ = {
			isa = PBXResourcesBuildPhase;
			buildActionMask = 2147483647;
			files = (
			);
			runOnlyForDeploymentPostprocessing = 0;
		};
		4999391A2A85DBF300D2ACDD /* Resources */ = {
			isa = PBXResourcesBuildPhase;
			buildActionMask = 2147483647;
			files = (
			);
			runOnlyForDeploymentPostprocessing = 0;
		};
/* End PBXResourcesBuildPhase section */

/* Begin PBXSourcesBuildPhase section */
		499938FE2A85DBF200D2ACDD /* Sources */ = {
			isa = PBXSourcesBuildPhase;
			buildActionMask = 2147483647;
			files = (
				499939082A85DBF200D2ACDD /* ContentView.swift in Sources */,
				499939062A85DBF200D2ACDD /* L1_DemoApp.swift in Sources */,
			);
			runOnlyForDeploymentPostprocessing = 0;
		};
		4999390E2A85DBF300D2ACDD /* Sources */ = {
			isa = PBXSourcesBuildPhase;
			buildActionMask = 2147483647;
			files = (
				499939172A85DBF300D2ACDD /* L1_DemoTests.swift in Sources */,
			);
			runOnlyForDeploymentPostprocessing = 0;
		};
		499939182A85DBF300D2ACDD /* Sources */ = {
			isa = PBXSourcesBuildPhase;
			buildActionMask = 2147483647;
			files = (
				499939232A85DBF300D2ACDD /* L1_DemoUITestsLaunchTests.swift in Sources */,
				499939212A85DBF300D2ACDD /* L1_DemoUITests.swift in Sources */,
			);
			runOnlyForDeploymentPostprocessing = 0;
		};
/* End PBXSourcesBuildPhase section */

/* Begin PBXTargetDependency section */
		499939142A85DBF300D2ACDD /* PBXTargetDependency */ = {
			isa = PBXTargetDependency;
			target = 499939012A85DBF200D2ACDD /* L1 Demo */;
			targetProxy = 499939132A85DBF300D2ACDD /* PBXContainerItemProxy */;
		};
		4999391E2A85DBF300D2ACDD /* PBXTargetDependency */ = {
			isa = PBXTargetDependency;
			target = 499939012A85DBF200D2ACDD /* L1 Demo */;
			targetProxy = 4999391D2A85DBF300D2ACDD /* PBXContainerItemProxy */;
		};
/* End PBXTargetDependency section */

/* Begin XCBuildConfiguration section */
		499939242A85DBF300D2ACDD /* Debug */ = {
			isa = XCBuildConfiguration;
			buildSettings = {
				ALWAYS_SEARCH_USER_PATHS = NO;
				CLANG_ANALYZER_NONNULL = YES;
				CLANG_ANALYZER_NUMBER_OBJECT_CONVERSION = YES_AGGRESSIVE;
				CLANG_CXX_LANGUAGE_STANDARD = "gnu++20";
				CLANG_ENABLE_MODULES = YES;
				CLANG_ENABLE_OBJC_ARC = YES;
				CLANG_ENABLE_OBJC_WEAK = YES;
				CLANG_WARN_BLOCK_CAPTURE_AUTORELEASING = YES;
				CLANG_WARN_BOOL_CONVERSION = YES;
				CLANG_WARN_COMMA = YES;
				CLANG_WARN_CONSTANT_CONVERSION = YES;
				CLANG_WARN_DEPRECATED_OBJC_IMPLEMENTATIONS = YES;
				CLANG_WARN_DIRECT_OBJC_ISA_USAGE = YES_ERROR;
				CLANG_WARN_DOCUMENTATION_COMMENTS = YES;
				CLANG_WARN_EMPTY_BODY = YES;
				CLANG_WARN_ENUM_CONVERSION = YES;
				CLANG_WARN_INFINITE_RECURSION = YES;
				CLANG_WARN_INT_CONVERSION = YES;
				CLANG_WARN_NON_LITERAL_NULL_CONVERSION = YES;
				CLANG_WARN_OBJC_IMPLICIT_RETAIN_SELF = YES;
				CLANG_WARN_OBJC_LITERAL_CONVERSION = YES;
				CLANG_WARN_OBJC_ROOT_CLASS = YES_ERROR;
				CLANG_WARN_QUOTED_INCLUDE_IN_FRAMEWORK_HEADER = YES;
				CLANG_WARN_RANGE_LOOP_ANALYSIS = YES;
				CLANG_WARN_STRICT_PROTOTYPES = YES;
				CLANG_WARN_SUSPICIOUS_MOVE = YES;
				CLANG_WARN_UNGUARDED_AVAILABILITY = YES_AGGRESSIVE;
				CLANG_WARN_UNREACHABLE_CODE = YES;
				CLANG_WARN__DUPLICATE_METHOD_MATCH = YES;
				COPY_PHASE_STRIP = NO;
				DEBUG_INFORMATION_FORMAT = dwarf;
				ENABLE_STRICT_OBJC_MSGSEND = YES;
				ENABLE_TESTABILITY = YES;
				GCC_C_LANGUAGE_STANDARD = gnu11;
				GCC_DYNAMIC_NO_PIC = NO;
				GCC_NO_COMMON_BLOCKS = YES;
				GCC_OPTIMIZATION_LEVEL = 0;
				GCC_PREPROCESSOR_DEFINITIONS = (
					"DEBUG=1",
					"$(inherited)",
				);
				GCC_WARN_64_TO_32_BIT_CONVERSION = YES;
				GCC_WARN_ABOUT_RETURN_TYPE = YES_ERROR;
				GCC_WARN_UNDECLARED_SELECTOR = YES;
				GCC_WARN_UNINITIALIZED_AUTOS = YES_AGGRESSIVE;
				GCC_WARN_UNUSED_FUNCTION = YES;
				GCC_WARN_UNUSED_VARIABLE = YES;
				IPHONEOS_DEPLOYMENT_TARGET = 16.4;
				MTL_ENABLE_DEBUG_INFO = INCLUDE_SOURCE;
				MTL_FAST_MATH = YES;
				ONLY_ACTIVE_ARCH = YES;
				SDKROOT = iphoneos;
				SWIFT_ACTIVE_COMPILATION_CONDITIONS = DEBUG;
				SWIFT_OPTIMIZATION_LEVEL = "-Onone";
			};
			name = Debug;
		};
		499939252A85DBF300D2ACDD /* Release */ = {
			isa = XCBuildConfiguration;
			buildSettings = {
				ALWAYS_SEARCH_USER_PATHS = NO;
				CLANG_ANALYZER_NONNULL = YES;
				CLANG_ANALYZER_NUMBER_OBJECT_CONVERSION = YES_AGGRESSIVE;
				CLANG_CXX_LANGUAGE_STANDARD = "gnu++20";
				CLANG_ENABLE_MODULES = YES;
				CLANG_ENABLE_OBJC_ARC = YES;
				CLANG_ENABLE_OBJC_WEAK = YES;
				CLANG_WARN_BLOCK_CAPTURE_AUTORELEASING = YES;
				CLANG_WARN_BOOL_CONVERSION = YES;
				CLANG_WARN_COMMA = YES;
				CLANG_WARN_CONSTANT_CONVERSION = YES;
				CLANG_WARN_DEPRECATED_OBJC_IMPLEMENTATIONS = YES;
				CLANG_WARN_DIRECT_OBJC_ISA_USAGE = YES_ERROR;
				CLANG_WARN_DOCUMENTATION_COMMENTS = YES;
				CLANG_WARN_EMPTY_BODY = YES;
				CLANG_WARN_ENUM_CONVERSION = YES;
				CLANG_WARN_INFINITE_RECURSION = YES;
				CLANG_WARN_INT_CONVERSION = YES;
				CLANG_WARN_NON_LITERAL_NULL_CONVERSION = YES;
				CLANG_WARN_OBJC_IMPLICIT_RETAIN_SELF = YES;
				CLANG_WARN_OBJC_LITERAL_CONVERSION = YES;
				CLANG_WARN_OBJC_ROOT_CLASS = YES_ERROR;
				CLANG_WARN_QUOTED_INCLUDE_IN_FRAMEWORK_HEADER = YES;
				CLANG_WARN_RANGE_LOOP_ANALYSIS = YES;
				CLANG_WARN_STRICT_PROTOTYPES = YES;
				CLANG_WARN_SUSPICIOUS_MOVE = YES;
				CLANG_WARN_UNGUARDED_AVAILABILITY = YES_AGGRESSIVE;
				CLANG_WARN_UNREACHABLE_CODE = YES;
				CLANG_WARN__DUPLICATE_METHOD_MATCH = YES;
				COPY_PHASE_STRIP = NO;
				DEBUG_INFORMATION_FORMAT = "dwarf-with-dsym";
				ENABLE_NS_ASSERTIONS = NO;
				ENABLE_STRICT_OBJC_MSGSEND = YES;
				GCC_C_LANGUAGE_STANDARD = gnu11;
				GCC_NO_COMMON_BLOCKS = YES;
				GCC_WARN_64_TO_32_BIT_CONVERSION = YES;
				GCC_WARN_ABOUT_RETURN_TYPE = YES_ERROR;
				GCC_WARN_UNDECLARED_SELECTOR = YES;
				GCC_WARN_UNINITIALIZED_AUTOS = YES_AGGRESSIVE;
				GCC_WARN_UNUSED_FUNCTION = YES;
				GCC_WARN_UNUSED_VARIABLE = YES;
				IPHONEOS_DEPLOYMENT_TARGET = 16.4;
				MTL_ENABLE_DEBUG_INFO = NO;
				MTL_FAST_MATH = YES;
				SDKROOT = iphoneos;
				SWIFT_COMPILATION_MODE = wholemodule;
				SWIFT_OPTIMIZATION_LEVEL = "-O";
				VALIDATE_PRODUCT = YES;
			};
			name = Release;
		};
		499939272A85DBF300D2ACDD /* Debug */ = {
			isa = XCBuildConfiguration;
			buildSettings = {
				ASSETCATALOG_COMPILER_APPICON_NAME = AppIcon;
				ASSETCATALOG_COMPILER_GLOBAL_ACCENT_COLOR_NAME = AccentColor;
				CODE_SIGN_STYLE = Automatic;
				CURRENT_PROJECT_VERSION = 1;
				DEVELOPMENT_ASSET_PATHS = "\"L1 Demo/Preview Content\"";
				DEVELOPMENT_TEAM = FTZWW62W93;
				ENABLE_PREVIEWS = YES;
				GENERATE_INFOPLIST_FILE = YES;
				INFOPLIST_KEY_UIApplicationSceneManifest_Generation = YES;
				INFOPLIST_KEY_UIApplicationSupportsIndirectInputEvents = YES;
				INFOPLIST_KEY_UILaunchScreen_Generation = YES;
				INFOPLIST_KEY_UISupportedInterfaceOrientations_iPad = "UIInterfaceOrientationPortrait UIInterfaceOrientationPortraitUpsideDown UIInterfaceOrientationLandscapeLeft UIInterfaceOrientationLandscapeRight";
				INFOPLIST_KEY_UISupportedInterfaceOrientations_iPhone = "UIInterfaceOrientationPortrait UIInterfaceOrientationLandscapeLeft UIInterfaceOrientationLandscapeRight";
				LD_RUNPATH_SEARCH_PATHS = (
					"$(inherited)",
					"@executable_path/Frameworks",
				);
				MARKETING_VERSION = 1.0;
				PRODUCT_BUNDLE_IDENTIFIER = "com.chrisloarryn.L1-Demo";
				PRODUCT_NAME = "$(TARGET_NAME)";
				SWIFT_EMIT_LOC_STRINGS = YES;
				SWIFT_VERSION = 5.0;
				TARGETED_DEVICE_FAMILY = "1,2";
			};
			name = Debug;
		};
		499939282A85DBF300D2ACDD /* Release */ = {
			isa = XCBuildConfiguration;
			buildSettings = {
				ASSETCATALOG_COMPILER_APPICON_NAME = AppIcon;
				ASSETCATALOG_COMPILER_GLOBAL_ACCENT_COLOR_NAME = AccentColor;
				CODE_SIGN_STYLE = Automatic;
				CURRENT_PROJECT_VERSION = 1;
				DEVELOPMENT_ASSET_PATHS = "\"L1 Demo/Preview Content\"";
				DEVELOPMENT_TEAM = FTZWW62W93;
				ENABLE_PREVIEWS = YES;
				GENERATE_INFOPLIST_FILE = YES;
				INFOPLIST_KEY_UIApplicationSceneManifest_Generation = YES;
				INFOPLIST_KEY_UIApplicationSupportsIndirectInputEvents = YES;
				INFOPLIST_KEY_UILaunchScreen_Generation = YES;
				INFOPLIST_KEY_UISupportedInterfaceOrientations_iPad = "UIInterfaceOrientationPortrait UIInterfaceOrientationPortraitUpsideDown UIInterfaceOrientationLandscapeLeft UIInterfaceOrientationLandscapeRight";
				INFOPLIST_KEY_UISupportedInterfaceOrientations_iPhone = "UIInterfaceOrientationPortrait UIInterfaceOrientationLandscapeLeft UIInterfaceOrientationLandscapeRight";
				LD_RUNPATH_SEARCH_PATHS = (
					"$(inherited)",
					"@executable_path/Frameworks",
				);
				MARKETING_VERSION = 1.0;
				PRODUCT_BUNDLE_IDENTIFIER = "com.chrisloarryn.L1-Demo";
				PRODUCT_NAME = "$(TARGET_NAME)";
				SWIFT_EMIT_LOC_STRINGS = YES;
				SWIFT_VERSION = 5.0;
				TARGETED_DEVICE_FAMILY = "1,2";
			};
			name = Release;
		};
		4999392A2A85DBF300D2ACDD /* Debug */ = {
			isa = XCBuildConfiguration;
			buildSettings = {
				ALWAYS_EMBED_SWIFT_STANDARD_LIBRARIES = YES;
				BUNDLE_LOADER = "$(TEST_HOST)";
				CODE_SIGN_STYLE = Automatic;
				CURRENT_PROJECT_VERSION = 1;
				DEVELOPMENT_TEAM = FTZWW62W93;
				GENERATE_INFOPLIST_FILE = YES;
				IPHONEOS_DEPLOYMENT_TARGET = 16.4;
				MARKETING_VERSION = 1.0;
				PRODUCT_BUNDLE_IDENTIFIER = "com.chrisloarryn.L1-DemoTests";
				PRODUCT_NAME = "$(TARGET_NAME)";
				SWIFT_EMIT_LOC_STRINGS = NO;
				SWIFT_VERSION = 5.0;
				TARGETED_DEVICE_FAMILY = "1,2";
				TEST_HOST = "$(BUILT_PRODUCTS_DIR)/L1 Demo.app/$(BUNDLE_EXECUTABLE_FOLDER_PATH)/L1 Demo";
			};
			name = Debug;
		};
		4999392B2A85DBF300D2ACDD /* Release */ = {
			isa = XCBuildConfiguration;
			buildSettings = {
				ALWAYS_EMBED_SWIFT_STANDARD_LIBRARIES = YES;
				BUNDLE_LOADER = "$(TEST_HOST)";
				CODE_SIGN_STYLE = Automatic;
				CURRENT_PROJECT_VERSION = 1;
				DEVELOPMENT_TEAM = FTZWW62W93;
				GENERATE_INFOPLIST_FILE = YES;
				IPHONEOS_DEPLOYMENT_TARGET = 16.4;
				MARKETING_VERSION = 1.0;
				PRODUCT_BUNDLE_IDENTIFIER = "com.chrisloarryn.L1-DemoTests";
				PRODUCT_NAME = "$(TARGET_NAME)";
				SWIFT_EMIT_LOC_STRINGS = NO;
				SWIFT_VERSION = 5.0;
				TARGETED_DEVICE_FAMILY = "1,2";
				TEST_HOST = "$(BUILT_PRODUCTS_DIR)/L1 Demo.app/$(BUNDLE_EXECUTABLE_FOLDER_PATH)/L1 Demo";
			};
			name = Release;
		};
		4999392D2A85DBF300D2ACDD /* Debug */ = {
			isa = XCBuildConfiguration;
			buildSettings = {
				ALWAYS_EMBED_SWIFT_STANDARD_LIBRARIES = YES;
				CODE_SIGN_STYLE = Automatic;
				CURRENT_PROJECT_VERSION = 1;
				DEVELOPMENT_TEAM = FTZWW62W93;
				GENERATE_INFOPLIST_FILE = YES;
				MARKETING_VERSION = 1.0;
				PRODUCT_BUNDLE_IDENTIFIER = "com.chrisloarryn.L1-DemoUITests";
				PRODUCT_NAME = "$(TARGET_NAME)";
				SWIFT_EMIT_LOC_STRINGS = NO;
				SWIFT_VERSION = 5.0;
				TARGETED_DEVICE_FAMILY = "1,2";
				TEST_TARGET_NAME = "L1 Demo";
			};
			name = Debug;
		};
		4999392E2A85DBF300D2ACDD /* Release */ = {
			isa = XCBuildConfiguration;
			buildSettings = {
				ALWAYS_EMBED_SWIFT_STANDARD_LIBRARIES = YES;
				CODE_SIGN_STYLE = Automatic;
				CURRENT_PROJECT_VERSION = 1;
				DEVELOPMENT_TEAM = FTZWW62W93;
				GENERATE_INFOPLIST_FILE = YES;
				MARKETING_VERSION = 1.0;
				PRODUCT_BUNDLE_IDENTIFIER = "com.chrisloarryn.L1-DemoUITests";
				PRODUCT_NAME = "$(TARGET_NAME)";
				SWIFT_EMIT_LOC_STRINGS = NO;
				SWIFT_VERSION = 5.0;
				TARGETED_DEVICE_FAMILY = "1,2";
				TEST_TARGET_NAME = "L1 Demo";
			};
			name = Release;
		};
/* End XCBuildConfiguration section */

/* Begin XCConfigurationList section */
		499938FD2A85DBF200D2ACDD /* Build configuration list for PBXProject "L1 Demo" */ = {
			isa = XCConfigurationList;
			buildConfigurations = (
				499939242A85DBF300D2ACDD /* Debug */,
				499939252A85DBF300D2ACDD /* Release */,
			);
			defaultConfigurationIsVisible = 0;
			defaultConfigurationName = Release;
		};
		499939262A85DBF300D2ACDD /* Build configuration list for PBXNativeTarget "L1 Demo" */ = {
			isa = XCConfigurationList;
			buildConfigurations = (
				499939272A85DBF300D2ACDD /* Debug */,
				499939282A85DBF300D2ACDD /* Release */,
			);
			defaultConfigurationIsVisible = 0;
			defaultConfigurationName = Release;
		};
		499939292A85DBF300D2ACDD /* Build configuration list for PBXNativeTarget "L1 DemoTests" */ = {
			isa = XCConfigurationList;
			buildConfigurations = (
				4999392A2A85DBF300D2ACDD /* Debug */,
				4999392B2A85DBF300D2ACDD /* Release */,
			);
			defaultConfigurationIsVisible = 0;
			defaultConfigurationName = Release;
		};
		4999392C2A85DBF300D2ACDD /* Build configuration list for PBXNativeTarget "L1 DemoUITests" */ = {
			isa = XCConfigurationList;
			buildConfigurations = (
				4999392D2A85DBF300D2ACDD /* Debug */,
				4999392E2A85DBF300D2ACDD /* Release */,
			);
			defaultConfigurationIsVisible = 0;
			defaultConfigurationName = Release;
		};
/* End XCConfigurationList section */
	};
	rootObject = 499938FA2A85DBF200D2ACDD /* Project object */;
}
